
Microsoft Visual Studio Solution File, Format Version 12.00
# Visual Studio Version 16
VisualStudioVersion = 16.0.33423.256
MinimumVisualStudioVersion = 10.0.40219.1
Project("{FAE04EC0-301F-11D3-BF4B-00C04F79EFBC}") = "movieratingapp", "movieratingapp\movieratingapp.csproj", "{2D0BD560-5B1E-4DC5-B41A-5C71771FB553}"
EndProject
Global
	GlobalSection(SolutionConfigurationPlatforms) = preSolution
		Debug|Any CPU = Debug|Any CPU
		Release|Any CPU = Release|Any CPU
	EndGlobalSection
	GlobalSection(ProjectConfigurationPlatforms) = postSolution
		{2D0BD560-5B1E-4DC5-B41A-5C71771FB553}.Debug|Any CPU.ActiveCfg = Debug|Any CPU
		{2D0BD560-5B1E-4DC5-B41A-5C71771FB553}.Debug|Any CPU.Build.0 = Debug|Any CPU
		{2D0BD560-5B1E-4DC5-B41A-5C71771FB553}.Release|Any CPU.ActiveCfg = Release|Any CPU
		{2D0BD560-5B1E-4DC5-B41A-5C71771FB553}.Release|Any CPU.Build.0 = Release|Any CPU
	EndGlobalSection
	GlobalSection(SolutionProperties) = preSolution
		HideSolutionNode = FALSE
	EndGlobalSection
	GlobalSection(ExtensibilityGlobals) = postSolution
		SolutionGuid = {E11DA73B-A625-4A99-A8F2-15A438C43B7A}
	EndGlobalSection
EndGlobal
